github.com/hugoinaction/AcmeSupport v0.0.0-20210816053256-f80fbbf647d7/go.mod h1:kGNexn9VmQvIar/+RG6cW2Q1daLa/QPwWCLLX/N7gNA=
github.com/hugoinaction/Eclectic v0.0.0-20210502200009-af497f39c579/go.mod h1:z4ORsG6K5BF+U3ssVkl+7kzy770SWHxNXfWYzdQrqGc=
github.com/hugoinaction/Universal v0.0.0-20210709125610-ce21286916b5/go.mod h1:tn5626W3c7g5nJ84Hsoe7/Oj1vT5D7xe9yyNhMe72X8=
github.com/hugoinaction/hugo-debug-utils v0.0.0-20210719131516-dacd455c1a43/go.mod h1:YA0Taxzbbqz9oEvtMUW/uuPRE2v93r0WPMLkWaqiuBs=
