github.com/hugoinaction/Resources v0.8.0 h1:NoIshrFdQcqvOi/63vI/is73As9d6OsRBQiuOztNsl8=
github.com/hugoinaction/Resources v0.8.0/go.mod h1:4QxFKDTfHDA4Ylif1aM/ea5IFtOXGWKuAcD0czC/0I8=
github.com/hugoinaction/Resources v0.12.0 h1:G593Tqd2D3m9Z2fZVrgL7JnwmLPSuVZD3XlCO92FcPU=
github.com/hugoinaction/Resources v0.12.0/go.mod h1:4QxFKDTfHDA4Ylif1aM/ea5IFtOXGWKuAcD0czC/0I8=
