github.com/hugoinaction/AcmeShared v0.0.0-20210324051738-45b9f0ba186d h1:alQ7TcYJI5L9EXA2f2OmWC1ipGXgd2fix+B/qEjdR1U=
github.com/hugoinaction/AcmeShared v0.0.0-20210324051738-45b9f0ba186d/go.mod h1:7LXrg0xlFB8KmoYVcQwu1U10U09nOvE5uh/jubh8390=
github.com/hugoinaction/Resources v0.11.0 h1:AlNqqyGzANcfoo0ZDtQEXGI8EnVSewIiW2CzvhvHzjQ=
github.com/hugoinaction/Resources v0.11.0/go.mod h1:4QxFKDTfHDA4Ylif1aM/ea5IFtOXGWKuAcD0czC/0I8=
github.com/hugoinaction/Resources v0.12.0 h1:SQPgk2tUHoaKAlvyBadxjVU+uUwErTBHljb1vf5x2Ak=
github.com/hugoinaction/Resources v0.12.0/go.mod h1:4QxFKDTfHDA4Ylif1aM/ea5IFtOXGWKuAcD0czC/0I8=
github.com/hugoinaction/hugo-debug-utils v0.0.0-20200427035302-d4636e5c27cf h1:6rMTTNHfMot+cuzlkQsw9Na6xIrKmjCf2TneR95m75g=
github.com/hugoinaction/hugo-debug-utils v0.0.0-20200427035302-d4636e5c27cf/go.mod h1:YA0Taxzbbqz9oEvtMUW/uuPRE2v93r0WPMLkWaqiuBs=
