github.com/hugoinaction/Resources v0.8.0 h1:NoIshrFdQcqvOi/63vI/is73As9d6OsRBQiuOztNsl8=
github.com/hugoinaction/Resources v0.8.0/go.mod h1:4QxFKDTfHDA4Ylif1aM/ea5IFtOXGWKuAcD0czC/0I8=
github.com/hugoinaction/Resources v0.13.0 h1:VMeQ8LUaRmZNBFFmM3mf24H8Mf769mF2w6jqZQwxGhA=
github.com/hugoinaction/Resources v0.13.0/go.mod h1:4QxFKDTfHDA4Ylif1aM/ea5IFtOXGWKuAcD0czC/0I8=
